
Microsoft Visual Studio Solution File, Format Version 12.00
# Visual Studio 15
VisualStudioVersion = 15.0.28307.1267
MinimumVisualStudioVersion = 10.0.40219.1
Project("{FAE04EC0-301F-11D3-BF4B-00C04F79EFBC}") = "Client-Dwi Rizqi Oktaviani-20180140111", "Client-Dwi Rizqi Oktaviani-20180140111\Client-Dwi Rizqi Oktaviani-20180140111.csproj", "{3A5D2D68-5F2A-40BB-A1EC-F73C424078DC}"
EndProject
Project("{FAE04EC0-301F-11D3-BF4B-00C04F79EFBC}") = "Server-Dwi Rizqi Oktaviani-20180140111", "..\Server-Dwi Rizqi Oktaviani-20180140111\Server-Dwi Rizqi Oktaviani-20180140111\Server-Dwi Rizqi Oktaviani-20180140111.csproj", "{F5CB9248-E1D6-4333-923B-39620F59361E}"
EndProject
Global
	GlobalSection(SolutionConfigurationPlatforms) = preSolution
		Debug|Any CPU = Debug|Any CPU
		Release|Any CPU = Release|Any CPU
	EndGlobalSection
	GlobalSection(ProjectConfigurationPlatforms) = postSolution
		{3A5D2D68-5F2A-40BB-A1EC-F73C424078DC}.Debug|Any CPU.ActiveCfg = Debug|Any CPU
		{3A5D2D68-5F2A-40BB-A1EC-F73C424078DC}.Debug|Any CPU.Build.0 = Debug|Any CPU
		{3A5D2D68-5F2A-40BB-A1EC-F73C424078DC}.Release|Any CPU.ActiveCfg = Release|Any CPU
		{3A5D2D68-5F2A-40BB-A1EC-F73C424078DC}.Release|Any CPU.Build.0 = Release|Any CPU
		{F5CB9248-E1D6-4333-923B-39620F59361E}.Debug|Any CPU.ActiveCfg = Debug|Any CPU
		{F5CB9248-E1D6-4333-923B-39620F59361E}.Debug|Any CPU.Build.0 = Debug|Any CPU
		{F5CB9248-E1D6-4333-923B-39620F59361E}.Release|Any CPU.ActiveCfg = Release|Any CPU
		{F5CB9248-E1D6-4333-923B-39620F59361E}.Release|Any CPU.Build.0 = Release|Any CPU
	EndGlobalSection
	GlobalSection(SolutionProperties) = preSolution
		HideSolutionNode = FALSE
	EndGlobalSection
	GlobalSection(ExtensibilityGlobals) = postSolution
		SolutionGuid = {8B9824DD-63A1-405C-ABA4-0996DDE331BB}
	EndGlobalSection
EndGlobal
